
Microsoft Visual Studio Solution File, Format Version 12.00
# Visual Studio Version 17
VisualStudioVersion = 17.1.32407.343
MinimumVisualStudioVersion = 10.0.40219.1
Project("{FAE04EC0-301F-11D3-BF4B-00C04F79EFBC}") = "BankLand.API", "BankLand.API\BankLand.API.csproj", "{384AAF60-6FE7-4CE3-9108-DBB28F21EF5D}"
EndProject
Global
	GlobalSection(SolutionConfigurationPlatforms) = preSolution
		Debug|Any CPU = Debug|Any CPU
		Release|Any CPU = Release|Any CPU
	EndGlobalSection
	GlobalSection(ProjectConfigurationPlatforms) = postSolution
		{384AAF60-6FE7-4CE3-9108-DBB28F21EF5D}.Debug|Any CPU.ActiveCfg = Debug|Any CPU
		{384AAF60-6FE7-4CE3-9108-DBB28F21EF5D}.Debug|Any CPU.Build.0 = Debug|Any CPU
		{384AAF60-6FE7-4CE3-9108-DBB28F21EF5D}.Release|Any CPU.ActiveCfg = Release|Any CPU
		{384AAF60-6FE7-4CE3-9108-DBB28F21EF5D}.Release|Any CPU.Build.0 = Release|Any CPU
	EndGlobalSection
	GlobalSection(SolutionProperties) = preSolution
		HideSolutionNode = FALSE
	EndGlobalSection
	GlobalSection(ExtensibilityGlobals) = postSolution
		SolutionGuid = {945F55A3-385D-4F7E-ADD2-556D73C25B00}
	EndGlobalSection
EndGlobal
